
Microsoft Visual Studio Solution File, Format Version 12.00
# Visual Studio Version 17
VisualStudioVersion = 17.3.32825.248
MinimumVisualStudioVersion = 10.0.40219.1
Project("{FAE04EC0-301F-11D3-BF4B-00C04F79EFBC}") = "Coffee", "Coffee\Coffee.csproj", "{AEBBDA89-1048-401B-95F9-26C850D34729}"
EndProject
Global
	GlobalSection(SolutionConfigurationPlatforms) = preSolution
		Debug|Any CPU = Debug|Any CPU
		Release|Any CPU = Release|Any CPU
	EndGlobalSection
	GlobalSection(ProjectConfigurationPlatforms) = postSolution
		{AEBBDA89-1048-401B-95F9-26C850D34729}.Debug|Any CPU.ActiveCfg = Debug|Any CPU
		{AEBBDA89-1048-401B-95F9-26C850D34729}.Debug|Any CPU.Build.0 = Debug|Any CPU
		{AEBBDA89-1048-401B-95F9-26C850D34729}.Release|Any CPU.ActiveCfg = Release|Any CPU
		{AEBBDA89-1048-401B-95F9-26C850D34729}.Release|Any CPU.Build.0 = Release|Any CPU
	EndGlobalSection
	GlobalSection(SolutionProperties) = preSolution
		HideSolutionNode = FALSE
	EndGlobalSection
	GlobalSection(ExtensibilityGlobals) = postSolution
		SolutionGuid = {C090A8C5-18C0-4EBD-BFFC-FB0D2D2A7483}
	EndGlobalSection
EndGlobal
